<?xml version="1.0" encoding="UTF-8" standalone="yes" ?>
<CodeBlocks_project_file>
	<FileVersion major="1" minor="6" />
	<Project>
		<Option title="csv2marc" />
		<Option pch_mode="2" />
		<Option compiler="gcc" />
		<Build>
			<Target title="Debug">
				<Option output="bin/Debug/csv2marc" prefix_auto="1" extension_auto="1" />
				<Option object_output="obj/Debug/" />
				<Option type="1" />
				<Option compiler="gcc" />
				<Option parameters="C:\Users\BibPersoneel\Desktop\BBC0501.CSV C:\Users\BibPersoneel\Desktop\ConvTest.mrk " />
				<Compiler>
					<Add option="-g" />
					<Add directory="include" />
				</Compiler>
			</Target>
			<Target title="Release">
				<Option output="bin/Release/csv2marc" prefix_auto="1" extension_auto="1" />
				<Option object_output="obj/Release/" />
				<Option type="1" />
				<Option compiler="gcc" />
				<Compiler>
					<Add option="-O2" />
					<Add directory="include" />
				</Compiler>
				<Linker>
					<Add option="-s" />
				</Linker>
			</Target>
		</Build>
		<Compiler>
			<Add option="-Wall" />
			<Add option="-fexceptions" />
		</Compiler>
		<Unit filename="fieldmap.txt" />
		<Unit filename="include/Field001.h" />
		<Unit filename="include/Field005.h" />
		<Unit filename="include/Field008.h" />
		<Unit filename="include/Field020.h" />
		<Unit filename="include/Field022.h" />
		<Unit filename="include/Field024.h" />
		<Unit filename="include/Field028.h" />
		<Unit filename="include/Field041.h" />
		<Unit filename="include/Field100.h" />
		<Unit filename="include/Field240.h" />
		<Unit filename="include/Field245.h" />
		<Unit filename="include/Field254.h" />
		<Unit filename="include/Field264.h" />
		<Unit filename="include/Field490.h" />
		<Unit filename="include/Field505.h" />
		<Unit filename="include/Field650.h" />
		<Unit filename="include/Field700.h" />
		<Unit filename="include/Field952.h" />
		<Unit filename="include/FieldFactory.h" />
		<Unit filename="include/FieldLDR.h" />
		<Unit filename="include/MarcField.h" />
		<Unit filename="include/MarcRecord.h" />
		<Unit filename="include/MarcRecordException.h" />
		<Unit filename="main.cpp" />
		<Unit filename="src/Field001.cpp" />
		<Unit filename="src/Field005.cpp" />
		<Unit filename="src/Field008.cpp" />
		<Unit filename="src/Field020.cpp" />
		<Unit filename="src/Field022.cpp" />
		<Unit filename="src/Field024.cpp" />
		<Unit filename="src/Field028.cpp" />
		<Unit filename="src/Field041.cpp" />
		<Unit filename="src/Field100.cpp" />
		<Unit filename="src/Field240.cpp" />
		<Unit filename="src/Field245.cpp" />
		<Unit filename="src/Field254.cpp" />
		<Unit filename="src/Field264.cpp" />
		<Unit filename="src/Field490.cpp" />
		<Unit filename="src/Field505.cpp" />
		<Unit filename="src/Field650.cpp" />
		<Unit filename="src/Field700.cpp" />
		<Unit filename="src/Field952.cpp" />
		<Unit filename="src/FieldFactory.cpp" />
		<Unit filename="src/FieldLDR.cpp" />
		<Unit filename="src/MarcField.cpp" />
		<Unit filename="src/MarcRecord.cpp" />
		<Unit filename="src/MarcRecordException.cpp" />
		<Extensions>
			<code_completion />
			<envvars />
			<debugger />
			<lib_finder disable_auto="1" />
		</Extensions>
	</Project>
</CodeBlocks_project_file>
